
Microsoft Visual Studio Solution File, Format Version 12.00
# Visual Studio Version 16
VisualStudioVersion = 16.0.29709.97
MinimumVisualStudioVersion = 10.0.40219.1
Project("{FAE04EC0-301F-11D3-BF4B-00C04F79EFBC}") = "Valkyrie.App.UWP", "Valkyrie.App.UWP\Valkyrie.App.UWP.csproj", "{B63F4A0C-A891-428A-A6FE-D3AC11C8E93E}"
EndProject
Project("{FAE04EC0-301F-11D3-BF4B-00C04F79EFBC}") = "Valkyrie.App.Android", "Valkyrie.App.Android\Valkyrie.App.Android.csproj", "{51759AC8-E634-4A59-8F28-7F643ECB61B8}"
EndProject
Project("{FAE04EC0-301F-11D3-BF4B-00C04F79EFBC}") = "Valkyrie.App.iOS", "Valkyrie.App.iOS\Valkyrie.App.iOS.csproj", "{8BE7688D-40EB-4B48-81E7-25508C7BD62F}"
EndProject
Project("{9A19103F-16F7-4668-BE54-9A1E7A4F7556}") = "Valkyrie.App", "Valkyrie.App\Valkyrie.App.csproj", "{3FA95AB6-EBA7-40AC-961C-DD956FB010CD}"
EndProject
Project("{2150E333-8FDC-42A3-9474-1A3956D46DE8}") = "Platforms", "Platforms", "{7D1A102C-EC0B-4257-9AA5-1444791EBA20}"
EndProject
Project("{2150E333-8FDC-42A3-9474-1A3956D46DE8}") = "Libraries", "Libraries", "{3D28B301-A7D0-43B1-A8EB-C7F06FFFFFC8}"
EndProject
Project("{9A19103F-16F7-4668-BE54-9A1E7A4F7556}") = "Valkryie.GL", "..\Valkryie.GL\Valkryie.GL.csproj", "{E6E306CF-4FF0-409F-8AD9-DA5EE563DCCD}"
EndProject
Project("{9A19103F-16F7-4668-BE54-9A1E7A4F7556}") = "Valkyrie.Graphics", "..\Valkyrie.Graphics\Valkyrie.Graphics.csproj", "{E266EDD7-4F4B-4F2A-9661-3456F682EB90}"
EndProject
Project("{2150E333-8FDC-42A3-9474-1A3956D46DE8}") = "Unit Tests", "Unit Tests", "{70186BE9-2719-4A32-9E29-36A8A0F947DE}"
EndProject
Project("{9A19103F-16F7-4668-BE54-9A1E7A4F7556}") = "Valkyrie.GL.Test", "..\Valkyrie.GL.Test\Valkyrie.GL.Test.csproj", "{51F7F038-0594-4FCC-9F67-A08F744D93E7}"
EndProject
Project("{9A19103F-16F7-4668-BE54-9A1E7A4F7556}") = "Valkyrie.App.Test", "Valkyrie.App.Test\Valkyrie.App.Test.csproj", "{4806F8F5-0B90-43F6-B47C-E8733BFD6C2C}"
EndProject
Project("{2150E333-8FDC-42A3-9474-1A3956D46DE8}") = "Documentation", "Documentation", "{27A5F1A8-D1F8-4B73-8FC5-063F54282789}"
	ProjectSection(SolutionItems) = preProject
		..\Documentation\DevEnvironment.md = ..\Documentation\DevEnvironment.md
		..\Documentation\HelpfulLinks.md = ..\Documentation\HelpfulLinks.md
		..\Documentation\index.md = ..\Documentation\index.md
		Props.md = Props.md
		Runtime.md = Runtime.md
	EndProjectSection
EndProject
Project("{FAE04EC0-301F-11D3-BF4B-00C04F79EFBC}") = "Valkyrie.Graphics.Test", "Valkyrie.Graphics.Test\Valkyrie.Graphics.Test.csproj", "{C035AA66-8977-403B-91F9-D0429020B9D7}"
EndProject
Global
	GlobalSection(SolutionConfigurationPlatforms) = preSolution
		Debug|Any CPU = Debug|Any CPU
		Debug|ARM = Debug|ARM
		Debug|iPhone = Debug|iPhone
		Debug|iPhoneSimulator = Debug|iPhoneSimulator
		Debug|x64 = Debug|x64
		Debug|x86 = Debug|x86
		Release|Any CPU = Release|Any CPU
		Release|ARM = Release|ARM
		Release|iPhone = Release|iPhone
		Release|iPhoneSimulator = Release|iPhoneSimulator
		Release|x64 = Release|x64
		Release|x86 = Release|x86
	EndGlobalSection
	GlobalSection(ProjectConfigurationPlatforms) = postSolution
		{B63F4A0C-A891-428A-A6FE-D3AC11C8E93E}.Debug|Any CPU.ActiveCfg = Debug|x86
		{B63F4A0C-A891-428A-A6FE-D3AC11C8E93E}.Debug|Any CPU.Build.0 = Debug|x86
		{B63F4A0C-A891-428A-A6FE-D3AC11C8E93E}.Debug|Any CPU.Deploy.0 = Debug|x86
		{B63F4A0C-A891-428A-A6FE-D3AC11C8E93E}.Debug|ARM.ActiveCfg = Debug|ARM
		{B63F4A0C-A891-428A-A6FE-D3AC11C8E93E}.Debug|ARM.Build.0 = Debug|ARM
		{B63F4A0C-A891-428A-A6FE-D3AC11C8E93E}.Debug|ARM.Deploy.0 = Debug|ARM
		{B63F4A0C-A891-428A-A6FE-D3AC11C8E93E}.Debug|iPhone.ActiveCfg = Debug|x86
		{B63F4A0C-A891-428A-A6FE-D3AC11C8E93E}.Debug|iPhone.Build.0 = Debug|x86
		{B63F4A0C-A891-428A-A6FE-D3AC11C8E93E}.Debug|iPhone.Deploy.0 = Debug|x86
		{B63F4A0C-A891-428A-A6FE-D3AC11C8E93E}.Debug|iPhoneSimulator.ActiveCfg = Debug|x86
		{B63F4A0C-A891-428A-A6FE-D3AC11C8E93E}.Debug|iPhoneSimulator.Build.0 = Debug|x86
		{B63F4A0C-A891-428A-A6FE-D3AC11C8E93E}.Debug|iPhoneSimulator.Deploy.0 = Debug|x86
		{B63F4A0C-A891-428A-A6FE-D3AC11C8E93E}.Debug|x64.ActiveCfg = Debug|x64
		{B63F4A0C-A891-428A-A6FE-D3AC11C8E93E}.Debug|x64.Build.0 = Debug|x64
		{B63F4A0C-A891-428A-A6FE-D3AC11C8E93E}.Debug|x64.Deploy.0 = Debug|x64
		{B63F4A0C-A891-428A-A6FE-D3AC11C8E93E}.Debug|x86.ActiveCfg = Debug|x86
		{B63F4A0C-A891-428A-A6FE-D3AC11C8E93E}.Debug|x86.Build.0 = Debug|x86
		{B63F4A0C-A891-428A-A6FE-D3AC11C8E93E}.Debug|x86.Deploy.0 = Debug|x86
		{B63F4A0C-A891-428A-A6FE-D3AC11C8E93E}.Release|Any CPU.ActiveCfg = Release|x86
		{B63F4A0C-A891-428A-A6FE-D3AC11C8E93E}.Release|Any CPU.Build.0 = Release|x86
		{B63F4A0C-A891-428A-A6FE-D3AC11C8E93E}.Release|Any CPU.Deploy.0 = Release|x86
		{B63F4A0C-A891-428A-A6FE-D3AC11C8E93E}.Release|ARM.ActiveCfg = Release|ARM
		{B63F4A0C-A891-428A-A6FE-D3AC11C8E93E}.Release|ARM.Build.0 = Release|ARM
		{B63F4A0C-A891-428A-A6FE-D3AC11C8E93E}.Release|ARM.Deploy.0 = Release|ARM
		{B63F4A0C-A891-428A-A6FE-D3AC11C8E93E}.Release|iPhone.ActiveCfg = Release|x86
		{B63F4A0C-A891-428A-A6FE-D3AC11C8E93E}.Release|iPhone.Build.0 = Release|x86
		{B63F4A0C-A891-428A-A6FE-D3AC11C8E93E}.Release|iPhone.Deploy.0 = Release|x86
		{B63F4A0C-A891-428A-A6FE-D3AC11C8E93E}.Release|iPhoneSimulator.ActiveCfg = Release|x86
		{B63F4A0C-A891-428A-A6FE-D3AC11C8E93E}.Release|iPhoneSimulator.Build.0 = Release|x86
		{B63F4A0C-A891-428A-A6FE-D3AC11C8E93E}.Release|iPhoneSimulator.Deploy.0 = Release|x86
		{B63F4A0C-A891-428A-A6FE-D3AC11C8E93E}.Release|x64.ActiveCfg = Release|x64
		{B63F4A0C-A891-428A-A6FE-D3AC11C8E93E}.Release|x64.Build.0 = Release|x64
		{B63F4A0C-A891-428A-A6FE-D3AC11C8E93E}.Release|x64.Deploy.0 = Release|x64
		{B63F4A0C-A891-428A-A6FE-D3AC11C8E93E}.Release|x86.ActiveCfg = Release|x86
		{B63F4A0C-A891-428A-A6FE-D3AC11C8E93E}.Release|x86.Build.0 = Release|x86
		{B63F4A0C-A891-428A-A6FE-D3AC11C8E93E}.Release|x86.Deploy.0 = Release|x86
		{51759AC8-E634-4A59-8F28-7F643ECB61B8}.Debug|Any CPU.ActiveCfg = Debug|Any CPU
		{51759AC8-E634-4A59-8F28-7F643ECB61B8}.Debug|Any CPU.Build.0 = Debug|Any CPU
		{51759AC8-E634-4A59-8F28-7F643ECB61B8}.Debug|Any CPU.Deploy.0 = Debug|Any CPU
		{51759AC8-E634-4A59-8F28-7F643ECB61B8}.Debug|ARM.ActiveCfg = Debug|Any CPU
		{51759AC8-E634-4A59-8F28-7F643ECB61B8}.Debug|ARM.Build.0 = Debug|Any CPU
		{51759AC8-E634-4A59-8F28-7F643ECB61B8}.Debug|ARM.Deploy.0 = Debug|Any CPU
		{51759AC8-E634-4A59-8F28-7F643ECB61B8}.Debug|iPhone.ActiveCfg = Debug|Any CPU
		{51759AC8-E634-4A59-8F28-7F643ECB61B8}.Debug|iPhone.Build.0 = Debug|Any CPU
		{51759AC8-E634-4A59-8F28-7F643ECB61B8}.Debug|iPhone.Deploy.0 = Debug|Any CPU
		{51759AC8-E634-4A59-8F28-7F643ECB61B8}.Debug|iPhoneSimulator.ActiveCfg = Debug|Any CPU
		{51759AC8-E634-4A59-8F28-7F643ECB61B8}.Debug|iPhoneSimulator.Build.0 = Debug|Any CPU
		{51759AC8-E634-4A59-8F28-7F643ECB61B8}.Debug|iPhoneSimulator.Deploy.0 = Debug|Any CPU
		{51759AC8-E634-4A59-8F28-7F643ECB61B8}.Debug|x64.ActiveCfg = Debug|Any CPU
		{51759AC8-E634-4A59-8F28-7F643ECB61B8}.Debug|x64.Build.0 = Debug|Any CPU
		{51759AC8-E634-4A59-8F28-7F643ECB61B8}.Debug|x64.Deploy.0 = Debug|Any CPU
		{51759AC8-E634-4A59-8F28-7F643ECB61B8}.Debug|x86.ActiveCfg = Debug|Any CPU
		{51759AC8-E634-4A59-8F28-7F643ECB61B8}.Debug|x86.Build.0 = Debug|Any CPU
		{51759AC8-E634-4A59-8F28-7F643ECB61B8}.Debug|x86.Deploy.0 = Debug|Any CPU
		{51759AC8-E634-4A59-8F28-7F643ECB61B8}.Release|Any CPU.ActiveCfg = Release|Any CPU
		{51759AC8-E634-4A59-8F28-7F643ECB61B8}.Release|Any CPU.Build.0 = Release|Any CPU
		{51759AC8-E634-4A59-8F28-7F643ECB61B8}.Release|Any CPU.Deploy.0 = Release|Any CPU
		{51759AC8-E634-4A59-8F28-7F643ECB61B8}.Release|ARM.ActiveCfg = Release|Any CPU
		{51759AC8-E634-4A59-8F28-7F643ECB61B8}.Release|ARM.Build.0 = Release|Any CPU
		{51759AC8-E634-4A59-8F28-7F643ECB61B8}.Release|ARM.Deploy.0 = Release|Any CPU
		{51759AC8-E634-4A59-8F28-7F643ECB61B8}.Release|iPhone.ActiveCfg = Release|Any CPU
		{51759AC8-E634-4A59-8F28-7F643ECB61B8}.Release|iPhone.Build.0 = Release|Any CPU
		{51759AC8-E634-4A59-8F28-7F643ECB61B8}.Release|iPhone.Deploy.0 = Release|Any CPU
		{51759AC8-E634-4A59-8F28-7F643ECB61B8}.Release|iPhoneSimulator.ActiveCfg = Release|Any CPU
		{51759AC8-E634-4A59-8F28-7F643ECB61B8}.Release|iPhoneSimulator.Build.0 = Release|Any CPU
		{51759AC8-E634-4A59-8F28-7F643ECB61B8}.Release|iPhoneSimulator.Deploy.0 = Release|Any CPU
		{51759AC8-E634-4A59-8F28-7F643ECB61B8}.Release|x64.ActiveCfg = Release|Any CPU
		{51759AC8-E634-4A59-8F28-7F643ECB61B8}.Release|x64.Build.0 = Release|Any CPU
		{51759AC8-E634-4A59-8F28-7F643ECB61B8}.Release|x64.Deploy.0 = Release|Any CPU
		{51759AC8-E634-4A59-8F28-7F643ECB61B8}.Release|x86.ActiveCfg = Release|Any CPU
		{51759AC8-E634-4A59-8F28-7F643ECB61B8}.Release|x86.Build.0 = Release|Any CPU
		{51759AC8-E634-4A59-8F28-7F643ECB61B8}.Release|x86.Deploy.0 = Release|Any CPU
		{8BE7688D-40EB-4B48-81E7-25508C7BD62F}.Debug|Any CPU.ActiveCfg = Debug|iPhone
		{8BE7688D-40EB-4B48-81E7-25508C7BD62F}.Debug|Any CPU.Build.0 = Debug|iPhone
		{8BE7688D-40EB-4B48-81E7-25508C7BD62F}.Debug|Any CPU.Deploy.0 = Debug|iPhone
		{8BE7688D-40EB-4B48-81E7-25508C7BD62F}.Debug|ARM.ActiveCfg = Debug|iPhoneSimulator
		{8BE7688D-40EB-4B48-81E7-25508C7BD62F}.Debug|ARM.Build.0 = Debug|iPhoneSimulator
		{8BE7688D-40EB-4B48-81E7-25508C7BD62F}.Debug|ARM.Deploy.0 = Debug|iPhoneSimulator
		{8BE7688D-40EB-4B48-81E7-25508C7BD62F}.Debug|iPhone.ActiveCfg = Debug|iPhone
		{8BE7688D-40EB-4B48-81E7-25508C7BD62F}.Debug|iPhone.Build.0 = Debug|iPhone
		{8BE7688D-40EB-4B48-81E7-25508C7BD62F}.Debug|iPhone.Deploy.0 = Debug|iPhone
		{8BE7688D-40EB-4B48-81E7-25508C7BD62F}.Debug|iPhoneSimulator.ActiveCfg = Debug|iPhoneSimulator
		{8BE7688D-40EB-4B48-81E7-25508C7BD62F}.Debug|iPhoneSimulator.Build.0 = Debug|iPhoneSimulator
		{8BE7688D-40EB-4B48-81E7-25508C7BD62F}.Debug|iPhoneSimulator.Deploy.0 = Debug|iPhoneSimulator
		{8BE7688D-40EB-4B48-81E7-25508C7BD62F}.Debug|x64.ActiveCfg = Debug|iPhone
		{8BE7688D-40EB-4B48-81E7-25508C7BD62F}.Debug|x64.Build.0 = Debug|iPhone
		{8BE7688D-40EB-4B48-81E7-25508C7BD62F}.Debug|x64.Deploy.0 = Debug|iPhone
		{8BE7688D-40EB-4B48-81E7-25508C7BD62F}.Debug|x86.ActiveCfg = Debug|iPhone
		{8BE7688D-40EB-4B48-81E7-25508C7BD62F}.Debug|x86.Build.0 = Debug|iPhone
		{8BE7688D-40EB-4B48-81E7-25508C7BD62F}.Debug|x86.Deploy.0 = Debug|iPhone
		{8BE7688D-40EB-4B48-81E7-25508C7BD62F}.Release|Any CPU.ActiveCfg = Release|iPhone
		{8BE7688D-40EB-4B48-81E7-25508C7BD62F}.Release|Any CPU.Build.0 = Release|iPhone
		{8BE7688D-40EB-4B48-81E7-25508C7BD62F}.Release|Any CPU.Deploy.0 = Release|iPhone
		{8BE7688D-40EB-4B48-81E7-25508C7BD62F}.Release|ARM.ActiveCfg = Release|iPhone
		{8BE7688D-40EB-4B48-81E7-25508C7BD62F}.Release|ARM.Build.0 = Release|iPhone
		{8BE7688D-40EB-4B48-81E7-25508C7BD62F}.Release|ARM.Deploy.0 = Release|iPhone
		{8BE7688D-40EB-4B48-81E7-25508C7BD62F}.Release|iPhone.ActiveCfg = Release|iPhone
		{8BE7688D-40EB-4B48-81E7-25508C7BD62F}.Release|iPhone.Build.0 = Release|iPhone
		{8BE7688D-40EB-4B48-81E7-25508C7BD62F}.Release|iPhone.Deploy.0 = Release|iPhone
		{8BE7688D-40EB-4B48-81E7-25508C7BD62F}.Release|iPhoneSimulator.ActiveCfg = Release|iPhoneSimulator
		{8BE7688D-40EB-4B48-81E7-25508C7BD62F}.Release|iPhoneSimulator.Build.0 = Release|iPhoneSimulator
		{8BE7688D-40EB-4B48-81E7-25508C7BD62F}.Release|iPhoneSimulator.Deploy.0 = Release|iPhoneSimulator
		{8BE7688D-40EB-4B48-81E7-25508C7BD62F}.Release|x64.ActiveCfg = Release|iPhone
		{8BE7688D-40EB-4B48-81E7-25508C7BD62F}.Release|x64.Build.0 = Release|iPhone
		{8BE7688D-40EB-4B48-81E7-25508C7BD62F}.Release|x64.Deploy.0 = Release|iPhone
		{8BE7688D-40EB-4B48-81E7-25508C7BD62F}.Release|x86.ActiveCfg = Release|iPhone
		{8BE7688D-40EB-4B48-81E7-25508C7BD62F}.Release|x86.Build.0 = Release|iPhone
		{8BE7688D-40EB-4B48-81E7-25508C7BD62F}.Release|x86.Deploy.0 = Release|iPhone
		{3FA95AB6-EBA7-40AC-961C-DD956FB010CD}.Debug|Any CPU.ActiveCfg = Debug|Any CPU
		{3FA95AB6-EBA7-40AC-961C-DD956FB010CD}.Debug|Any CPU.Build.0 = Debug|Any CPU
		{3FA95AB6-EBA7-40AC-961C-DD956FB010CD}.Debug|Any CPU.Deploy.0 = Debug|Any CPU
		{3FA95AB6-EBA7-40AC-961C-DD956FB010CD}.Debug|ARM.ActiveCfg = Debug|Any CPU
		{3FA95AB6-EBA7-40AC-961C-DD956FB010CD}.Debug|ARM.Build.0 = Debug|Any CPU
		{3FA95AB6-EBA7-40AC-961C-DD956FB010CD}.Debug|ARM.Deploy.0 = Debug|Any CPU
		{3FA95AB6-EBA7-40AC-961C-DD956FB010CD}.Debug|iPhone.ActiveCfg = Debug|Any CPU
		{3FA95AB6-EBA7-40AC-961C-DD956FB010CD}.Debug|iPhone.Build.0 = Debug|Any CPU
		{3FA95AB6-EBA7-40AC-961C-DD956FB010CD}.Debug|iPhone.Deploy.0 = Debug|Any CPU
		{3FA95AB6-EBA7-40AC-961C-DD956FB010CD}.Debug|iPhoneSimulator.ActiveCfg = Debug|Any CPU
		{3FA95AB6-EBA7-40AC-961C-DD956FB010CD}.Debug|iPhoneSimulator.Build.0 = Debug|Any CPU
		{3FA95AB6-EBA7-40AC-961C-DD956FB010CD}.Debug|iPhoneSimulator.Deploy.0 = Debug|Any CPU
		{3FA95AB6-EBA7-40AC-961C-DD956FB010CD}.Debug|x64.ActiveCfg = Debug|Any CPU
		{3FA95AB6-EBA7-40AC-961C-DD956FB010CD}.Debug|x64.Build.0 = Debug|Any CPU
		{3FA95AB6-EBA7-40AC-961C-DD956FB010CD}.Debug|x64.Deploy.0 = Debug|Any CPU
		{3FA95AB6-EBA7-40AC-961C-DD956FB010CD}.Debug|x86.ActiveCfg = Debug|Any CPU
		{3FA95AB6-EBA7-40AC-961C-DD956FB010CD}.Debug|x86.Build.0 = Debug|Any CPU
		{3FA95AB6-EBA7-40AC-961C-DD956FB010CD}.Debug|x86.Deploy.0 = Debug|Any CPU
		{3FA95AB6-EBA7-40AC-961C-DD956FB010CD}.Release|Any CPU.ActiveCfg = Release|Any CPU
		{3FA95AB6-EBA7-40AC-961C-DD956FB010CD}.Release|Any CPU.Build.0 = Release|Any CPU
		{3FA95AB6-EBA7-40AC-961C-DD956FB010CD}.Release|Any CPU.Deploy.0 = Release|Any CPU
		{3FA95AB6-EBA7-40AC-961C-DD956FB010CD}.Release|ARM.ActiveCfg = Release|Any CPU
		{3FA95AB6-EBA7-40AC-961C-DD956FB010CD}.Release|ARM.Build.0 = Release|Any CPU
		{3FA95AB6-EBA7-40AC-961C-DD956FB010CD}.Release|ARM.Deploy.0 = Release|Any CPU
		{3FA95AB6-EBA7-40AC-961C-DD956FB010CD}.Release|iPhone.ActiveCfg = Release|Any CPU
		{3FA95AB6-EBA7-40AC-961C-DD956FB010CD}.Release|iPhone.Build.0 = Release|Any CPU
		{3FA95AB6-EBA7-40AC-961C-DD956FB010CD}.Release|iPhone.Deploy.0 = Release|Any CPU
		{3FA95AB6-EBA7-40AC-961C-DD956FB010CD}.Release|iPhoneSimulator.ActiveCfg = Release|Any CPU
		{3FA95AB6-EBA7-40AC-961C-DD956FB010CD}.Release|iPhoneSimulator.Build.0 = Release|Any CPU
		{3FA95AB6-EBA7-40AC-961C-DD956FB010CD}.Release|iPhoneSimulator.Deploy.0 = Release|Any CPU
		{3FA95AB6-EBA7-40AC-961C-DD956FB010CD}.Release|x64.ActiveCfg = Release|Any CPU
		{3FA95AB6-EBA7-40AC-961C-DD956FB010CD}.Release|x64.Build.0 = Release|Any CPU
		{3FA95AB6-EBA7-40AC-961C-DD956FB010CD}.Release|x64.Deploy.0 = Release|Any CPU
		{3FA95AB6-EBA7-40AC-961C-DD956FB010CD}.Release|x86.ActiveCfg = Release|Any CPU
		{3FA95AB6-EBA7-40AC-961C-DD956FB010CD}.Release|x86.Build.0 = Release|Any CPU
		{3FA95AB6-EBA7-40AC-961C-DD956FB010CD}.Release|x86.Deploy.0 = Release|Any CPU
		{E6E306CF-4FF0-409F-8AD9-DA5EE563DCCD}.Debug|Any CPU.ActiveCfg = Debug|Any CPU
		{E6E306CF-4FF0-409F-8AD9-DA5EE563DCCD}.Debug|Any CPU.Build.0 = Debug|Any CPU
		{E6E306CF-4FF0-409F-8AD9-DA5EE563DCCD}.Debug|ARM.ActiveCfg = Debug|Any CPU
		{E6E306CF-4FF0-409F-8AD9-DA5EE563DCCD}.Debug|ARM.Build.0 = Debug|Any CPU
		{E6E306CF-4FF0-409F-8AD9-DA5EE563DCCD}.Debug|iPhone.ActiveCfg = Debug|Any CPU
		{E6E306CF-4FF0-409F-8AD9-DA5EE563DCCD}.Debug|iPhone.Build.0 = Debug|Any CPU
		{E6E306CF-4FF0-409F-8AD9-DA5EE563DCCD}.Debug|iPhoneSimulator.ActiveCfg = Debug|Any CPU
		{E6E306CF-4FF0-409F-8AD9-DA5EE563DCCD}.Debug|iPhoneSimulator.Build.0 = Debug|Any CPU
		{E6E306CF-4FF0-409F-8AD9-DA5EE563DCCD}.Debug|x64.ActiveCfg = Debug|Any CPU
		{E6E306CF-4FF0-409F-8AD9-DA5EE563DCCD}.Debug|x64.Build.0 = Debug|Any CPU
		{E6E306CF-4FF0-409F-8AD9-DA5EE563DCCD}.Debug|x86.ActiveCfg = Debug|Any CPU
		{E6E306CF-4FF0-409F-8AD9-DA5EE563DCCD}.Debug|x86.Build.0 = Debug|Any CPU
		{E6E306CF-4FF0-409F-8AD9-DA5EE563DCCD}.Release|Any CPU.ActiveCfg = Release|Any CPU
		{E6E306CF-4FF0-409F-8AD9-DA5EE563DCCD}.Release|Any CPU.Build.0 = Release|Any CPU
		{E6E306CF-4FF0-409F-8AD9-DA5EE563DCCD}.Release|ARM.ActiveCfg = Release|Any CPU
		{E6E306CF-4FF0-409F-8AD9-DA5EE563DCCD}.Release|ARM.Build.0 = Release|Any CPU
		{E6E306CF-4FF0-409F-8AD9-DA5EE563DCCD}.Release|iPhone.ActiveCfg = Release|Any CPU
		{E6E306CF-4FF0-409F-8AD9-DA5EE563DCCD}.Release|iPhone.Build.0 = Release|Any CPU
		{E6E306CF-4FF0-409F-8AD9-DA5EE563DCCD}.Release|iPhoneSimulator.ActiveCfg = Release|Any CPU
		{E6E306CF-4FF0-409F-8AD9-DA5EE563DCCD}.Release|iPhoneSimulator.Build.0 = Release|Any CPU
		{E6E306CF-4FF0-409F-8AD9-DA5EE563DCCD}.Release|x64.ActiveCfg = Release|Any CPU
		{E6E306CF-4FF0-409F-8AD9-DA5EE563DCCD}.Release|x64.Build.0 = Release|Any CPU
		{E6E306CF-4FF0-409F-8AD9-DA5EE563DCCD}.Release|x86.ActiveCfg = Release|Any CPU
		{E6E306CF-4FF0-409F-8AD9-DA5EE563DCCD}.Release|x86.Build.0 = Release|Any CPU
		{E266EDD7-4F4B-4F2A-9661-3456F682EB90}.Debug|Any CPU.ActiveCfg = Debug|Any CPU
		{E266EDD7-4F4B-4F2A-9661-3456F682EB90}.Debug|Any CPU.Build.0 = Debug|Any CPU
		{E266EDD7-4F4B-4F2A-9661-3456F682EB90}.Debug|ARM.ActiveCfg = Debug|Any CPU
		{E266EDD7-4F4B-4F2A-9661-3456F682EB90}.Debug|ARM.Build.0 = Debug|Any CPU
		{E266EDD7-4F4B-4F2A-9661-3456F682EB90}.Debug|iPhone.ActiveCfg = Debug|Any CPU
		{E266EDD7-4F4B-4F2A-9661-3456F682EB90}.Debug|iPhone.Build.0 = Debug|Any CPU
		{E266EDD7-4F4B-4F2A-9661-3456F682EB90}.Debug|iPhoneSimulator.ActiveCfg = Debug|Any CPU
		{E266EDD7-4F4B-4F2A-9661-3456F682EB90}.Debug|iPhoneSimulator.Build.0 = Debug|Any CPU
		{E266EDD7-4F4B-4F2A-9661-3456F682EB90}.Debug|x64.ActiveCfg = Debug|Any CPU
		{E266EDD7-4F4B-4F2A-9661-3456F682EB90}.Debug|x64.Build.0 = Debug|Any CPU
		{E266EDD7-4F4B-4F2A-9661-3456F682EB90}.Debug|x86.ActiveCfg = Debug|Any CPU
		{E266EDD7-4F4B-4F2A-9661-3456F682EB90}.Debug|x86.Build.0 = Debug|Any CPU
		{E266EDD7-4F4B-4F2A-9661-3456F682EB90}.Release|Any CPU.ActiveCfg = Release|Any CPU
		{E266EDD7-4F4B-4F2A-9661-3456F682EB90}.Release|Any CPU.Build.0 = Release|Any CPU
		{E266EDD7-4F4B-4F2A-9661-3456F682EB90}.Release|ARM.ActiveCfg = Release|Any CPU
		{E266EDD7-4F4B-4F2A-9661-3456F682EB90}.Release|ARM.Build.0 = Release|Any CPU
		{E266EDD7-4F4B-4F2A-9661-3456F682EB90}.Release|iPhone.ActiveCfg = Release|Any CPU
		{E266EDD7-4F4B-4F2A-9661-3456F682EB90}.Release|iPhone.Build.0 = Release|Any CPU
		{E266EDD7-4F4B-4F2A-9661-3456F682EB90}.Release|iPhoneSimulator.ActiveCfg = Release|Any CPU
		{E266EDD7-4F4B-4F2A-9661-3456F682EB90}.Release|iPhoneSimulator.Build.0 = Release|Any CPU
		{E266EDD7-4F4B-4F2A-9661-3456F682EB90}.Release|x64.ActiveCfg = Release|Any CPU
		{E266EDD7-4F4B-4F2A-9661-3456F682EB90}.Release|x64.Build.0 = Release|Any CPU
		{E266EDD7-4F4B-4F2A-9661-3456F682EB90}.Release|x86.ActiveCfg = Release|Any CPU
		{E266EDD7-4F4B-4F2A-9661-3456F682EB90}.Release|x86.Build.0 = Release|Any CPU
		{51F7F038-0594-4FCC-9F67-A08F744D93E7}.Debug|Any CPU.ActiveCfg = Debug|Any CPU
		{51F7F038-0594-4FCC-9F67-A08F744D93E7}.Debug|Any CPU.Build.0 = Debug|Any CPU
		{51F7F038-0594-4FCC-9F67-A08F744D93E7}.Debug|ARM.ActiveCfg = Debug|Any CPU
		{51F7F038-0594-4FCC-9F67-A08F744D93E7}.Debug|ARM.Build.0 = Debug|Any CPU
		{51F7F038-0594-4FCC-9F67-A08F744D93E7}.Debug|iPhone.ActiveCfg = Debug|Any CPU
		{51F7F038-0594-4FCC-9F67-A08F744D93E7}.Debug|iPhone.Build.0 = Debug|Any CPU
		{51F7F038-0594-4FCC-9F67-A08F744D93E7}.Debug|iPhoneSimulator.ActiveCfg = Debug|Any CPU
		{51F7F038-0594-4FCC-9F67-A08F744D93E7}.Debug|iPhoneSimulator.Build.0 = Debug|Any CPU
		{51F7F038-0594-4FCC-9F67-A08F744D93E7}.Debug|x64.ActiveCfg = Debug|Any CPU
		{51F7F038-0594-4FCC-9F67-A08F744D93E7}.Debug|x64.Build.0 = Debug|Any CPU
		{51F7F038-0594-4FCC-9F67-A08F744D93E7}.Debug|x86.ActiveCfg = Debug|Any CPU
		{51F7F038-0594-4FCC-9F67-A08F744D93E7}.Debug|x86.Build.0 = Debug|Any CPU
		{51F7F038-0594-4FCC-9F67-A08F744D93E7}.Release|Any CPU.ActiveCfg = Release|Any CPU
		{51F7F038-0594-4FCC-9F67-A08F744D93E7}.Release|Any CPU.Build.0 = Release|Any CPU
		{51F7F038-0594-4FCC-9F67-A08F744D93E7}.Release|ARM.ActiveCfg = Release|Any CPU
		{51F7F038-0594-4FCC-9F67-A08F744D93E7}.Release|ARM.Build.0 = Release|Any CPU
		{51F7F038-0594-4FCC-9F67-A08F744D93E7}.Release|iPhone.ActiveCfg = Release|Any CPU
		{51F7F038-0594-4FCC-9F67-A08F744D93E7}.Release|iPhone.Build.0 = Release|Any CPU
		{51F7F038-0594-4FCC-9F67-A08F744D93E7}.Release|iPhoneSimulator.ActiveCfg = Release|Any CPU
		{51F7F038-0594-4FCC-9F67-A08F744D93E7}.Release|iPhoneSimulator.Build.0 = Release|Any CPU
		{51F7F038-0594-4FCC-9F67-A08F744D93E7}.Release|x64.ActiveCfg = Release|Any CPU
		{51F7F038-0594-4FCC-9F67-A08F744D93E7}.Release|x64.Build.0 = Release|Any CPU
		{51F7F038-0594-4FCC-9F67-A08F744D93E7}.Release|x86.ActiveCfg = Release|Any CPU
		{51F7F038-0594-4FCC-9F67-A08F744D93E7}.Release|x86.Build.0 = Release|Any CPU
		{4806F8F5-0B90-43F6-B47C-E8733BFD6C2C}.Debug|Any CPU.ActiveCfg = Debug|Any CPU
		{4806F8F5-0B90-43F6-B47C-E8733BFD6C2C}.Debug|Any CPU.Build.0 = Debug|Any CPU
		{4806F8F5-0B90-43F6-B47C-E8733BFD6C2C}.Debug|ARM.ActiveCfg = Debug|Any CPU
		{4806F8F5-0B90-43F6-B47C-E8733BFD6C2C}.Debug|ARM.Build.0 = Debug|Any CPU
		{4806F8F5-0B90-43F6-B47C-E8733BFD6C2C}.Debug|iPhone.ActiveCfg = Debug|Any CPU
		{4806F8F5-0B90-43F6-B47C-E8733BFD6C2C}.Debug|iPhone.Build.0 = Debug|Any CPU
		{4806F8F5-0B90-43F6-B47C-E8733BFD6C2C}.Debug|iPhoneSimulator.ActiveCfg = Debug|Any CPU
		{4806F8F5-0B90-43F6-B47C-E8733BFD6C2C}.Debug|iPhoneSimulator.Build.0 = Debug|Any CPU
		{4806F8F5-0B90-43F6-B47C-E8733BFD6C2C}.Debug|x64.ActiveCfg = Debug|Any CPU
		{4806F8F5-0B90-43F6-B47C-E8733BFD6C2C}.Debug|x64.Build.0 = Debug|Any CPU
		{4806F8F5-0B90-43F6-B47C-E8733BFD6C2C}.Debug|x86.ActiveCfg = Debug|Any CPU
		{4806F8F5-0B90-43F6-B47C-E8733BFD6C2C}.Debug|x86.Build.0 = Debug|Any CPU
		{4806F8F5-0B90-43F6-B47C-E8733BFD6C2C}.Release|Any CPU.ActiveCfg = Release|Any CPU
		{4806F8F5-0B90-43F6-B47C-E8733BFD6C2C}.Release|Any CPU.Build.0 = Release|Any CPU
		{4806F8F5-0B90-43F6-B47C-E8733BFD6C2C}.Release|ARM.ActiveCfg = Release|Any CPU
		{4806F8F5-0B90-43F6-B47C-E8733BFD6C2C}.Release|ARM.Build.0 = Release|Any CPU
		{4806F8F5-0B90-43F6-B47C-E8733BFD6C2C}.Release|iPhone.ActiveCfg = Release|Any CPU
		{4806F8F5-0B90-43F6-B47C-E8733BFD6C2C}.Release|iPhone.Build.0 = Release|Any CPU
		{4806F8F5-0B90-43F6-B47C-E8733BFD6C2C}.Release|iPhoneSimulator.ActiveCfg = Release|Any CPU
		{4806F8F5-0B90-43F6-B47C-E8733BFD6C2C}.Release|iPhoneSimulator.Build.0 = Release|Any CPU
		{4806F8F5-0B90-43F6-B47C-E8733BFD6C2C}.Release|x64.ActiveCfg = Release|Any CPU
		{4806F8F5-0B90-43F6-B47C-E8733BFD6C2C}.Release|x64.Build.0 = Release|Any CPU
		{4806F8F5-0B90-43F6-B47C-E8733BFD6C2C}.Release|x86.ActiveCfg = Release|Any CPU
		{4806F8F5-0B90-43F6-B47C-E8733BFD6C2C}.Release|x86.Build.0 = Release|Any CPU
		{C035AA66-8977-403B-91F9-D0429020B9D7}.Debug|Any CPU.ActiveCfg = Debug|Any CPU
		{C035AA66-8977-403B-91F9-D0429020B9D7}.Debug|Any CPU.Build.0 = Debug|Any CPU
		{C035AA66-8977-403B-91F9-D0429020B9D7}.Debug|ARM.ActiveCfg = Debug|Any CPU
		{C035AA66-8977-403B-91F9-D0429020B9D7}.Debug|ARM.Build.0 = Debug|Any CPU
		{C035AA66-8977-403B-91F9-D0429020B9D7}.Debug|iPhone.ActiveCfg = Debug|Any CPU
		{C035AA66-8977-403B-91F9-D0429020B9D7}.Debug|iPhone.Build.0 = Debug|Any CPU
		{C035AA66-8977-403B-91F9-D0429020B9D7}.Debug|iPhoneSimulator.ActiveCfg = Debug|Any CPU
		{C035AA66-8977-403B-91F9-D0429020B9D7}.Debug|iPhoneSimulator.Build.0 = Debug|Any CPU
		{C035AA66-8977-403B-91F9-D0429020B9D7}.Debug|x64.ActiveCfg = Debug|Any CPU
		{C035AA66-8977-403B-91F9-D0429020B9D7}.Debug|x64.Build.0 = Debug|Any CPU
		{C035AA66-8977-403B-91F9-D0429020B9D7}.Debug|x86.ActiveCfg = Debug|Any CPU
		{C035AA66-8977-403B-91F9-D0429020B9D7}.Debug|x86.Build.0 = Debug|Any CPU
		{C035AA66-8977-403B-91F9-D0429020B9D7}.Release|Any CPU.ActiveCfg = Release|Any CPU
		{C035AA66-8977-403B-91F9-D0429020B9D7}.Release|Any CPU.Build.0 = Release|Any CPU
		{C035AA66-8977-403B-91F9-D0429020B9D7}.Release|ARM.ActiveCfg = Release|Any CPU
		{C035AA66-8977-403B-91F9-D0429020B9D7}.Release|ARM.Build.0 = Release|Any CPU
		{C035AA66-8977-403B-91F9-D0429020B9D7}.Release|iPhone.ActiveCfg = Release|Any CPU
		{C035AA66-8977-403B-91F9-D0429020B9D7}.Release|iPhone.Build.0 = Release|Any CPU
		{C035AA66-8977-403B-91F9-D0429020B9D7}.Release|iPhoneSimulator.ActiveCfg = Release|Any CPU
		{C035AA66-8977-403B-91F9-D0429020B9D7}.Release|iPhoneSimulator.Build.0 = Release|Any CPU
		{C035AA66-8977-403B-91F9-D0429020B9D7}.Release|x64.ActiveCfg = Release|Any CPU
		{C035AA66-8977-403B-91F9-D0429020B9D7}.Release|x64.Build.0 = Release|Any CPU
		{C035AA66-8977-403B-91F9-D0429020B9D7}.Release|x86.ActiveCfg = Release|Any CPU
		{C035AA66-8977-403B-91F9-D0429020B9D7}.Release|x86.Build.0 = Release|Any CPU
	EndGlobalSection
	GlobalSection(SolutionProperties) = preSolution
		HideSolutionNode = FALSE
	EndGlobalSection
	GlobalSection(NestedProjects) = preSolution
		{B63F4A0C-A891-428A-A6FE-D3AC11C8E93E} = {7D1A102C-EC0B-4257-9AA5-1444791EBA20}
		{51759AC8-E634-4A59-8F28-7F643ECB61B8} = {7D1A102C-EC0B-4257-9AA5-1444791EBA20}
		{8BE7688D-40EB-4B48-81E7-25508C7BD62F} = {7D1A102C-EC0B-4257-9AA5-1444791EBA20}
		{E6E306CF-4FF0-409F-8AD9-DA5EE563DCCD} = {3D28B301-A7D0-43B1-A8EB-C7F06FFFFFC8}
		{E266EDD7-4F4B-4F2A-9661-3456F682EB90} = {3D28B301-A7D0-43B1-A8EB-C7F06FFFFFC8}
		{51F7F038-0594-4FCC-9F67-A08F744D93E7} = {70186BE9-2719-4A32-9E29-36A8A0F947DE}
		{4806F8F5-0B90-43F6-B47C-E8733BFD6C2C} = {70186BE9-2719-4A32-9E29-36A8A0F947DE}
		{C035AA66-8977-403B-91F9-D0429020B9D7} = {70186BE9-2719-4A32-9E29-36A8A0F947DE}
	EndGlobalSection
	GlobalSection(ExtensibilityGlobals) = postSolution
		SolutionGuid = {7D2EDCF9-D9A7-42AB-AB7E-08BF84E1310D}
	EndGlobalSection
EndGlobal
